
Microsoft Visual Studio Solution File, Format Version 12.00
# Visual Studio Version 17
VisualStudioVersion = 17.7.34031.279
MinimumVisualStudioVersion = 10.0.40219.1
Project("{FAE04EC0-301F-11D3-BF4B-00C04F79EFBC}") = "quickpaste.api", "quickpaste.api\quickpaste.api.csproj", "{3BC2BA8F-8548-4240-A502-3DF3CE6ADA0B}"
EndProject
Global
	GlobalSection(SolutionConfigurationPlatforms) = preSolution
		Debug|Any CPU = Debug|Any CPU
		Release|Any CPU = Release|Any CPU
	EndGlobalSection
	GlobalSection(ProjectConfigurationPlatforms) = postSolution
		{3BC2BA8F-8548-4240-A502-3DF3CE6ADA0B}.Debug|Any CPU.ActiveCfg = Debug|Any CPU
		{3BC2BA8F-8548-4240-A502-3DF3CE6ADA0B}.Debug|Any CPU.Build.0 = Debug|Any CPU
		{3BC2BA8F-8548-4240-A502-3DF3CE6ADA0B}.Release|Any CPU.ActiveCfg = Release|Any CPU
		{3BC2BA8F-8548-4240-A502-3DF3CE6ADA0B}.Release|Any CPU.Build.0 = Release|Any CPU
	EndGlobalSection
	GlobalSection(SolutionProperties) = preSolution
		HideSolutionNode = FALSE
	EndGlobalSection
	GlobalSection(ExtensibilityGlobals) = postSolution
		SolutionGuid = {8603ED75-0854-406A-BF12-21EFC08655D8}
	EndGlobalSection
EndGlobal
